PODS:
  - RxSwift (4.2.0)
  - TSQBiometricAuth (2.0.0):
    - RxSwift (~> 4.0)

DEPENDENCIES:
  - TSQBiometricAuth (from `../`)

SPEC REPOS:
  https://github.com/cocoapods/specs.git:
    - RxSwift

EXTERNAL SOURCES:
  TSQBiometricAuth:
    :path: "../"

SPEC CHECKSUMS:
  RxSwift: 99e10317ddfcc7fbe01356aafd118fde4a0be104
  TSQBiometricAuth: be4428573eaf91c75e8a57f75d9d5be1e48efffe

PODFILE CHECKSUM: b3b269422930db6f91c846ab9c8d5110b005d4ba

COCOAPODS: 1.5.3
